// !$*UTF8*$!
{
	archiveVersion = 1;
	classes = {
	};
	objectVersion = 50;
	objects = {

/* Begin PBXBuildFile section */
		1AFB604A21E3227700FF67A9 /* AppDelegate.swift in Sources */ = {isa = PBXBuildFile; fileRef = 1AFB604921E3227700FF67A9 /* AppDelegate.swift */; };
		1AFB604C21E3227700FF67A9 /* DocumentBrowserViewController.swift in Sources */ = {isa = PBXBuildFile; fileRef = 1AFB604B21E3227700FF67A9 /* DocumentBrowserViewController.swift */; };
		1AFB604E21E3227700FF67A9 /* DocumentViewController.swift in Sources */ = {isa = PBXBuildFile; fileRef = 1AFB604D21E3227700FF67A9 /* DocumentViewController.swift */; };
		1AFB605021E3227700FF67A9 /* Document.swift in Sources */ = {isa = PBXBuildFile; fileRef = 1AFB604F21E3227700FF67A9 /* Document.swift */; };
		1AFB605321E3227700FF67A9 /* Main.storyboard in Resources */ = {isa = PBXBuildFile; fileRef = 1AFB605121E3227700FF67A9 /* Main.storyboard */; };
		1AFB605521E3227800FF67A9 /* Assets.xcassets in Resources */ = {isa = PBXBuildFile; fileRef = 1AFB605421E3227800FF67A9 /* Assets.xcassets */; };
		1AFB605821E3227800FF67A9 /* LaunchScreen.storyboard in Resources */ = {isa = PBXBuildFile; fileRef = 1AFB605621E3227800FF67A9 /* LaunchScreen.storyboard */; };
		1AFB606321E3227800FF67A9 /* iWiiCubeTests.swift in Sources */ = {isa = PBXBuildFile; fileRef = 1AFB606221E3227800FF67A9 /* iWiiCubeTests.swift */; };
		1AFB606E21E3227800FF67A9 /* iWiiCubeUITests.swift in Sources */ = {isa = PBXBuildFile; fileRef = 1AFB606D21E3227800FF67A9 /* iWiiCubeUITests.swift */; };
		1AFB607E21E323C600FF67A9 /* AuthenticationServices.framework in Frameworks */ = {isa = PBXBuildFile; fileRef = 1AFB607D21E323C600FF67A9 /* AuthenticationServices.framework */; };
		1AFB608021E323DB00FF67A9 /* CloudKit.framework in Frameworks */ = {isa = PBXBuildFile; fileRef = 1AFB607F21E323DB00FF67A9 /* CloudKit.framework */; };
		1AFB608221E323E000FF67A9 /* StoreKit.framework in Frameworks */ = {isa = PBXBuildFile; fileRef = 1AFB608121E323E000FF67A9 /* StoreKit.framework */; };
		1AFB608421E323E300FF67A9 /* AudioToolbox.framework in Frameworks */ = {isa = PBXBuildFile; fileRef = 1AFB608321E323E300FF67A9 /* AudioToolbox.framework */; };
		1AFB608821E323EE00FF67A9 /* NetworkExtension.framework in Frameworks */ = {isa = PBXBuildFile; fileRef = 1AFB608721E323EE00FF67A9 /* NetworkExtension.framework */; };
		1AFB608A21E3240E00FF67A9 /* ExternalAccessory.framework in Frameworks */ = {isa = PBXBuildFile; fileRef = 1AFB608921E3240E00FF67A9 /* ExternalAccessory.framework */; };
/* End PBXBuildFile section */

/* Begin PBXContainerItemProxy section */
		1AFB605F21E3227800FF67A9 /* PBXContainerItemProxy */ = {
			isa = PBXContainerItemProxy;
			containerPortal = 1AFB603E21E3227700FF67A9 /* Project object */;
			proxyType = 1;
			remoteGlobalIDString = 1AFB604521E3227700FF67A9;
			remoteInfo = iWiiCube;
		};
		1AFB606A21E3227800FF67A9 /* PBXContainerItemProxy */ = {
			isa = PBXContainerItemProxy;
			containerPortal = 1AFB603E21E3227700FF67A9 /* Project object */;
			proxyType = 1;
			remoteGlobalIDString = 1AFB604521E3227700FF67A9;
			remoteInfo = iWiiCube;
		};
/* End PBXContainerItemProxy section */

/* Begin PBXFileReference section */
		1AFB604621E3227700FF67A9 /* iWiiCube.app */ = {isa = PBXFileReference; explicitFileType = wrapper.application; includeInIndex = 0; path = iWiiCube.app; sourceTree = BUILT_PRODUCTS_DIR; };
		1AFB604921E3227700FF67A9 /* AppDelegate.swift */ = {isa = PBXFileReference; lastKnownFileType = sourcecode.swift; path = AppDelegate.swift; sourceTree = "<group>"; };
		1AFB604B21E3227700FF67A9 /* DocumentBrowserViewController.swift */ = {isa = PBXFileReference; lastKnownFileType = sourcecode.swift; path = DocumentBrowserViewController.swift; sourceTree = "<group>"; };
		1AFB604D21E3227700FF67A9 /* DocumentViewController.swift */ = {isa = PBXFileReference; lastKnownFileType = sourcecode.swift; path = DocumentViewController.swift; sourceTree = "<group>"; };
		1AFB604F21E3227700FF67A9 /* Document.swift */ = {isa = PBXFileReference; lastKnownFileType = sourcecode.swift; path = Document.swift; sourceTree = "<group>"; };
		1AFB605221E3227700FF67A9 /* Base */ = {isa = PBXFileReference; lastKnownFileType = file.storyboard; name = Base; path = Base.lproj/Main.storyboard; sourceTree = "<group>"; };
		1AFB605421E3227800FF67A9 /* Assets.xcassets */ = {isa = PBXFileReference; lastKnownFileType = folder.assetcatalog; path = Assets.xcassets; sourceTree = "<group>"; };
		1AFB605721E3227800FF67A9 /* Base */ = {isa = PBXFileReference; lastKnownFileType = file.storyboard; name = Base; path = Base.lproj/LaunchScreen.storyboard; sourceTree = "<group>"; };
		1AFB605921E3227800FF67A9 /* Info.plist */ = {isa = PBXFileReference; lastKnownFileType = text.plist.xml; path = Info.plist; sourceTree = "<group>"; };
		1AFB605E21E3227800FF67A9 /* iWiiCubeTests.xctest */ = {isa = PBXFileReference; explicitFileType = wrapper.cfbundle; includeInIndex = 0; path = iWiiCubeTests.xctest; sourceTree = BUILT_PRODUCTS_DIR; };
		1AFB606221E3227800FF67A9 /* iWiiCubeTests.swift */ = {isa = PBXFileReference; lastKnownFileType = sourcecode.swift; path = iWiiCubeTests.swift; sourceTree = "<group>"; };
		1AFB606421E3227800FF67A9 /* Info.plist */ = {isa = PBXFileReference; lastKnownFileType = text.plist.xml; path = Info.plist; sourceTree = "<group>"; };
		1AFB606921E3227800FF67A9 /* iWiiCubeUITests.xctest */ = {isa = PBXFileReference; explicitFileType = wrapper.cfbundle; includeInIndex = 0; path = iWiiCubeUITests.xctest; sourceTree = BUILT_PRODUCTS_DIR; };
		1AFB606D21E3227800FF67A9 /* iWiiCubeUITests.swift */ = {isa = PBXFileReference; lastKnownFileType = sourcecode.swift; path = iWiiCubeUITests.swift; sourceTree = "<group>"; };
		1AFB606F21E3227800FF67A9 /* Info.plist */ = {isa = PBXFileReference; lastKnownFileType = text.plist.xml; path = Info.plist; sourceTree = "<group>"; };
		1AFB607B21E323A500FF67A9 /* iWiiCube.entitlements */ = {isa = PBXFileReference; lastKnownFileType = text.plist.entitlements; path = iWiiCube.entitlements; sourceTree = "<group>"; };
		1AFB607D21E323C600FF67A9 /* AuthenticationServices.framework */ = {isa = PBXFileReference; lastKnownFileType = wrapper.framework; name = AuthenticationServices.framework; path = System/Library/Frameworks/AuthenticationServices.framework; sourceTree = SDKROOT; };
		1AFB607F21E323DB00FF67A9 /* CloudKit.framework */ = {isa = PBXFileReference; lastKnownFileType = wrapper.framework; name = CloudKit.framework; path = System/Library/Frameworks/CloudKit.framework; sourceTree = SDKROOT; };
		1AFB608121E323E000FF67A9 /* StoreKit.framework */ = {isa = PBXFileReference; lastKnownFileType = wrapper.framework; name = StoreKit.framework; path = System/Library/Frameworks/StoreKit.framework; sourceTree = SDKROOT; };
		1AFB608321E323E300FF67A9 /* AudioToolbox.framework */ = {isa = PBXFileReference; lastKnownFileType = wrapper.framework; name = AudioToolbox.framework; path = System/Library/Frameworks/AudioToolbox.framework; sourceTree = SDKROOT; };
		1AFB608721E323EE00FF67A9 /* NetworkExtension.framework */ = {isa = PBXFileReference; lastKnownFileType = wrapper.framework; name = NetworkExtension.framework; path = System/Library/Frameworks/NetworkExtension.framework; sourceTree = SDKROOT; };
		1AFB608921E3240E00FF67A9 /* ExternalAccessory.framework */ = {isa = PBXFileReference; lastKnownFileType = wrapper.framework; name = ExternalAccessory.framework; path = System/Library/Frameworks/ExternalAccessory.framework; sourceTree = SDKROOT; };
/* End PBXFileReference section */

/* Begin PBXFrameworksBuildPhase section */
		1AFB604321E3227700FF67A9 /* Frameworks */ = {
			isa = PBXFrameworksBuildPhase;
			buildActionMask = 2147483647;
			files = (
				1AFB608A21E3240E00FF67A9 /* ExternalAccessory.framework in Frameworks */,
				1AFB608221E323E000FF67A9 /* StoreKit.framework in Frameworks */,
				1AFB607E21E323C600FF67A9 /* AuthenticationServices.framework in Frameworks */,
				1AFB608021E323DB00FF67A9 /* CloudKit.framework in Frameworks */,
				1AFB608821E323EE00FF67A9 /* NetworkExtension.framework in Frameworks */,
				1AFB608421E323E300FF67A9 /* AudioToolbox.framework in Frameworks */,
			);
			runOnlyForDeploymentPostprocessing = 0;
		};
		1AFB605B21E3227800FF67A9 /* Frameworks */ = {
			isa = PBXFrameworksBuildPhase;
			buildActionMask = 2147483647;
			files = (
			);
			runOnlyForDeploymentPostprocessing = 0;
		};
		1AFB606621E3227800FF67A9 /* Frameworks */ = {
			isa = PBXFrameworksBuildPhase;
			buildActionMask = 2147483647;
			files = (
			);
			runOnlyForDeploymentPostprocessing = 0;
		};
/* End PBXFrameworksBuildPhase section */

/* Begin PBXGroup section */
		1AFB603D21E3227700FF67A9 = {
			isa = PBXGroup;
			children = (
				1AFB604821E3227700FF67A9 /* iWiiCube */,
				1AFB606121E3227800FF67A9 /* iWiiCubeTests */,
				1AFB606C21E3227800FF67A9 /* iWiiCubeUITests */,
				1AFB604721E3227700FF67A9 /* Products */,
				1AFB607C21E323C600FF67A9 /* Frameworks */,
			);
			sourceTree = "<group>";
		};
		1AFB604721E3227700FF67A9 /* Products */ = {
			isa = PBXGroup;
			children = (
				1AFB604621E3227700FF67A9 /* iWiiCube.app */,
				1AFB605E21E3227800FF67A9 /* iWiiCubeTests.xctest */,
				1AFB606921E3227800FF67A9 /* iWiiCubeUITests.xctest */,
			);
			name = Products;
			sourceTree = "<group>";
		};
		1AFB604821E3227700FF67A9 /* iWiiCube */ = {
			isa = PBXGroup;
			children = (
				1AFB607B21E323A500FF67A9 /* iWiiCube.entitlements */,
				1AFB604921E3227700FF67A9 /* AppDelegate.swift */,
				1AFB604B21E3227700FF67A9 /* DocumentBrowserViewController.swift */,
				1AFB604D21E3227700FF67A9 /* DocumentViewController.swift */,
				1AFB604F21E3227700FF67A9 /* Document.swift */,
				1AFB605121E3227700FF67A9 /* Main.storyboard */,
				1AFB605421E3227800FF67A9 /* Assets.xcassets */,
				1AFB605621E3227800FF67A9 /* LaunchScreen.storyboard */,
				1AFB605921E3227800FF67A9 /* Info.plist */,
			);
			path = iWiiCube;
			sourceTree = "<group>";
		};
		1AFB606121E3227800FF67A9 /* iWiiCubeTests */ = {
			isa = PBXGroup;
			children = (
				1AFB606221E3227800FF67A9 /* iWiiCubeTests.swift */,
				1AFB606421E3227800FF67A9 /* Info.plist */,
			);
			path = iWiiCubeTests;
			sourceTree = "<group>";
		};
		1AFB606C21E3227800FF67A9 /* iWiiCubeUITests */ = {
			isa = PBXGroup;
			children = (
				1AFB606D21E3227800FF67A9 /* iWiiCubeUITests.swift */,
				1AFB606F21E3227800FF67A9 /* Info.plist */,
			);
			path = iWiiCubeUITests;
			sourceTree = "<group>";
		};
		1AFB607C21E323C600FF67A9 /* Frameworks */ = {
			isa = PBXGroup;
			children = (
				1AFB608921E3240E00FF67A9 /* ExternalAccessory.framework */,
				1AFB608721E323EE00FF67A9 /* NetworkExtension.framework */,
				1AFB608321E323E300FF67A9 /* AudioToolbox.framework */,
				1AFB608121E323E000FF67A9 /* StoreKit.framework */,
				1AFB607F21E323DB00FF67A9 /* CloudKit.framework */,
				1AFB607D21E323C600FF67A9 /* AuthenticationServices.framework */,
			);
			name = Frameworks;
			sourceTree = "<group>";
		};
/* End PBXGroup section */

/* Begin PBXNativeTarget section */
		1AFB604521E3227700FF67A9 /* iWiiCube */ = {
			isa = PBXNativeTarget;
			buildConfigurationList = 1AFB607221E3227800FF67A9 /* Build configuration list for PBXNativeTarget "iWiiCube" */;
			buildPhases = (
				1AFB604221E3227700FF67A9 /* Sources */,
				1AFB604321E3227700FF67A9 /* Frameworks */,
				1AFB604421E3227700FF67A9 /* Resources */,
				1A0B633021E33008009552BE /* Log Build Settings */,
			);
			buildRules = (
			);
			dependencies = (
			);
			name = iWiiCube;
			productName = iWiiCube;
			productReference = 1AFB604621E3227700FF67A9 /* iWiiCube.app */;
			productType = "com.apple.product-type.application";
		};
		1AFB605D21E3227800FF67A9 /* iWiiCubeTests */ = {
			isa = PBXNativeTarget;
			buildConfigurationList = 1AFB607521E3227800FF67A9 /* Build configuration list for PBXNativeTarget "iWiiCubeTests" */;
			buildPhases = (
				1AFB605A21E3227800FF67A9 /* Sources */,
				1AFB605B21E3227800FF67A9 /* Frameworks */,
				1AFB605C21E3227800FF67A9 /* Resources */,
			);
			buildRules = (
			);
			dependencies = (
				1AFB606021E3227800FF67A9 /* PBXTargetDependency */,
			);
			name = iWiiCubeTests;
			productName = iWiiCubeTests;
			productReference = 1AFB605E21E3227800FF67A9 /* iWiiCubeTests.xctest */;
			productType = "com.apple.product-type.bundle.unit-test";
		};
		1AFB606821E3227800FF67A9 /* iWiiCubeUITests */ = {
			isa = PBXNativeTarget;
			buildConfigurationList = 1AFB607821E3227800FF67A9 /* Build configuration list for PBXNativeTarget "iWiiCubeUITests" */;
			buildPhases = (
				1AFB606521E3227800FF67A9 /* Sources */,
				1AFB606621E3227800FF67A9 /* Frameworks */,
				1AFB606721E3227800FF67A9 /* Resources */,
			);
			buildRules = (
			);
			dependencies = (
				1AFB606B21E3227800FF67A9 /* PBXTargetDependency */,
			);
			name = iWiiCubeUITests;
			productName = iWiiCubeUITests;
			productReference = 1AFB606921E3227800FF67A9 /* iWiiCubeUITests.xctest */;
			productType = "com.apple.product-type.bundle.ui-testing";
		};
/* End PBXNativeTarget section */

/* Begin PBXProject section */
		1AFB603E21E3227700FF67A9 /* Project object */ = {
			isa = PBXProject;
			attributes = {
				LastSwiftUpdateCheck = 1010;
				LastUpgradeCheck = 1010;
				ORGANIZATIONNAME = "Tyler Hostager";
				TargetAttributes = {
					1AFB604521E3227700FF67A9 = {
						CreatedOnToolsVersion = 10.1;
						SystemCapabilities = {
							com.apple.AccessWiFi = {
								enabled = 1;
							};
							com.apple.ApplicationGroups.iOS = {
								enabled = 1;
							};
							com.apple.AutoFillCredentialProvider = {
								enabled = 1;
							};
							com.apple.BackgroundModes = {
								enabled = 1;
							};
							com.apple.InAppPurchase = {
								enabled = 1;
							};
							com.apple.InterAppAudio = {
								enabled = 1;
							};
							com.apple.Keychain = {
								enabled = 1;
							};
							com.apple.Maps.iOS = {
								enabled = 0;
							};
							com.apple.NetworkExtensions.iOS = {
								enabled = 1;
							};
							com.apple.Push = {
								enabled = 1;
							};
							com.apple.SafariKeychain = {
								enabled = 1;
							};
							com.apple.VPNLite = {
								enabled = 1;
							};
							com.apple.WAC = {
								enabled = 1;
							};
							com.apple.iCloud = {
								enabled = 1;
							};
						};
					};
					1AFB605D21E3227800FF67A9 = {
						CreatedOnToolsVersion = 10.1;
						TestTargetID = 1AFB604521E3227700FF67A9;
					};
					1AFB606821E3227800FF67A9 = {
						CreatedOnToolsVersion = 10.1;
						TestTargetID = 1AFB604521E3227700FF67A9;
					};
				};
			};
			buildConfigurationList = 1AFB604121E3227700FF67A9 /* Build configuration list for PBXProject "iWiiCube" */;
			compatibilityVersion = "Xcode 9.3";
			developmentRegion = en;
			hasScannedForEncodings = 0;
			knownRegions = (
				en,
				Base,
			);
			mainGroup = 1AFB603D21E3227700FF67A9;
			productRefGroup = 1AFB604721E3227700FF67A9 /* Products */;
			projectDirPath = "";
			projectRoot = "";
			targets = (
				1AFB604521E3227700FF67A9 /* iWiiCube */,
				1AFB605D21E3227800FF67A9 /* iWiiCubeTests */,
				1AFB606821E3227800FF67A9 /* iWiiCubeUITests */,
			);
		};
/* End PBXProject section */

/* Begin PBXResourcesBuildPhase section */
		1AFB604421E3227700FF67A9 /* Resources */ = {
			isa = PBXResourcesBuildPhase;
			buildActionMask = 2147483647;
			files = (
				1AFB605821E3227800FF67A9 /* LaunchScreen.storyboard in Resources */,
				1AFB605521E3227800FF67A9 /* Assets.xcassets in Resources */,
				1AFB605321E3227700FF67A9 /* Main.storyboard in Resources */,
			);
			runOnlyForDeploymentPostprocessing = 0;
		};
		1AFB605C21E3227800FF67A9 /* Resources */ = {
			isa = PBXResourcesBuildPhase;
			buildActionMask = 2147483647;
			files = (
			);
			runOnlyForDeploymentPostprocessing = 0;
		};
		1AFB606721E3227800FF67A9 /* Resources */ = {
			isa = PBXResourcesBuildPhase;
			buildActionMask = 2147483647;
			files = (
			);
			runOnlyForDeploymentPostprocessing = 0;
		};
/* End PBXResourcesBuildPhase section */

/* Begin PBXShellScriptBuildPhase section */
		1A0B633021E33008009552BE /* Log Build Settings */ = {
			isa = PBXShellScriptBuildPhase;
			buildActionMask = 2147483647;
			files = (
			);
			inputFileListPaths = (
			);
			inputPaths = (
			);
			name = "Log Build Settings";
			outputFileListPaths = (
			);
			outputPaths = (
			);
			runOnlyForDeploymentPostprocessing = 0;
			shellPath = /bin/sh;
			shellScript = "# Type a script or drag a script file from your workspace to insert its path.\nexport\n";
		};
/* End PBXShellScriptBuildPhase section */

/* Begin PBXSourcesBuildPhase section */
		1AFB604221E3227700FF67A9 /* Sources */ = {
			isa = PBXSourcesBuildPhase;
			buildActionMask = 2147483647;
			files = (
				1AFB605021E3227700FF67A9 /* Document.swift in Sources */,
				1AFB604E21E3227700FF67A9 /* DocumentViewController.swift in Sources */,
				1AFB604C21E3227700FF67A9 /* DocumentBrowserViewController.swift in Sources */,
				1AFB604A21E3227700FF67A9 /* AppDelegate.swift in Sources */,
			);
			runOnlyForDeploymentPostprocessing = 0;
		};
		1AFB605A21E3227800FF67A9 /* Sources */ = {
			isa = PBXSourcesBuildPhase;
			buildActionMask = 2147483647;
			files = (
				1AFB606321E3227800FF67A9 /* iWiiCubeTests.swift in Sources */,
			);
			runOnlyForDeploymentPostprocessing = 0;
		};
		1AFB606521E3227800FF67A9 /* Sources */ = {
			isa = PBXSourcesBuildPhase;
			buildActionMask = 2147483647;
			files = (
				1AFB606E21E3227800FF67A9 /* iWiiCubeUITests.swift in Sources */,
			);
			runOnlyForDeploymentPostprocessing = 0;
		};
/* End PBXSourcesBuildPhase section */

/* Begin PBXTargetDependency section */
		1AFB606021E3227800FF67A9 /* PBXTargetDependency */ = {
			isa = PBXTargetDependency;
			target = 1AFB604521E3227700FF67A9 /* iWiiCube */;
			targetProxy = 1AFB605F21E3227800FF67A9 /* PBXContainerItemProxy */;
		};
		1AFB606B21E3227800FF67A9 /* PBXTargetDependency */ = {
			isa = PBXTargetDependency;
			target = 1AFB604521E3227700FF67A9 /* iWiiCube */;
			targetProxy = 1AFB606A21E3227800FF67A9 /* PBXContainerItemProxy */;
		};
/* End PBXTargetDependency section */

/* Begin PBXVariantGroup section */
		1AFB605121E3227700FF67A9 /* Main.storyboard */ = {
			isa = PBXVariantGroup;
			children = (
				1AFB605221E3227700FF67A9 /* Base */,
			);
			name = Main.storyboard;
			sourceTree = "<group>";
		};
		1AFB605621E3227800FF67A9 /* LaunchScreen.storyboard */ = {
			isa = PBXVariantGroup;
			children = (
				1AFB605721E3227800FF67A9 /* Base */,
			);
			name = LaunchScreen.storyboard;
			sourceTree = "<group>";
		};
/* End PBXVariantGroup section */

/* Begin XCBuildConfiguration section */
		1AFB607021E3227800FF67A9 /* Debug */ = {
			isa = XCBuildConfiguration;
			buildSettings = {
				ALWAYS_SEARCH_USER_PATHS = NO;
				CLANG_ANALYZER_NONNULL = YES;
				CLANG_ANALYZER_NUMBER_OBJECT_CONVERSION = YES_AGGRESSIVE;
				CLANG_CXX_LANGUAGE_STANDARD = "gnu++14";
				CLANG_CXX_LIBRARY = "libc++";
				CLANG_ENABLE_MODULES = YES;
				CLANG_ENABLE_OBJC_ARC = YES;
				CLANG_ENABLE_OBJC_WEAK = YES;
				CLANG_WARN_BLOCK_CAPTURE_AUTORELEASING = YES;
				CLANG_WARN_BOOL_CONVERSION = YES;
				CLANG_WARN_COMMA = YES;
				CLANG_WARN_CONSTANT_CONVERSION = YES;
				CLANG_WARN_DEPRECATED_OBJC_IMPLEMENTATIONS = YES;
				CLANG_WARN_DIRECT_OBJC_ISA_USAGE = YES_ERROR;
				CLANG_WARN_DOCUMENTATION_COMMENTS = YES;
				CLANG_WARN_EMPTY_BODY = YES;
				CLANG_WARN_ENUM_CONVERSION = YES;
				CLANG_WARN_INFINITE_RECURSION = YES;
				CLANG_WARN_INT_CONVERSION = YES;
				CLANG_WARN_NON_LITERAL_NULL_CONVERSION = YES;
				CLANG_WARN_OBJC_IMPLICIT_RETAIN_SELF = YES;
				CLANG_WARN_OBJC_LITERAL_CONVERSION = YES;
				CLANG_WARN_OBJC_ROOT_CLASS = YES_ERROR;
				CLANG_WARN_RANGE_LOOP_ANALYSIS = YES;
				CLANG_WARN_STRICT_PROTOTYPES = YES;
				CLANG_WARN_SUSPICIOUS_MOVE = YES;
				CLANG_WARN_UNGUARDED_AVAILABILITY = YES_AGGRESSIVE;
				CLANG_WARN_UNREACHABLE_CODE = YES;
				CLANG_WARN__DUPLICATE_METHOD_MATCH = YES;
				CODE_SIGN_IDENTITY = "iPhone Developer";
				COPY_PHASE_STRIP = NO;
				DEBUG_INFORMATION_FORMAT = dwarf;
				ENABLE_STRICT_OBJC_MSGSEND = YES;
				ENABLE_TESTABILITY = YES;
				GCC_C_LANGUAGE_STANDARD = gnu11;
				GCC_DYNAMIC_NO_PIC = NO;
				GCC_NO_COMMON_BLOCKS = YES;
				GCC_OPTIMIZATION_LEVEL = 0;
				GCC_PREPROCESSOR_DEFINITIONS = (
					"DEBUG=1",
					"$(inherited)",
				);
				GCC_WARN_64_TO_32_BIT_CONVERSION = YES;
				GCC_WARN_ABOUT_RETURN_TYPE = YES_ERROR;
				GCC_WARN_UNDECLARED_SELECTOR = YES;
				GCC_WARN_UNINITIALIZED_AUTOS = YES_AGGRESSIVE;
				GCC_WARN_UNUSED_FUNCTION = YES;
				GCC_WARN_UNUSED_VARIABLE = YES;
				IPHONEOS_DEPLOYMENT_TARGET = 12.0;
				MTL_ENABLE_DEBUG_INFO = INCLUDE_SOURCE;
				MTL_FAST_MATH = YES;
				ONLY_ACTIVE_ARCH = YES;
				SDKROOT = iphoneos;
				SWIFT_ACTIVE_COMPILATION_CONDITIONS = DEBUG;
				SWIFT_OPTIMIZATION_LEVEL = "-Onone";
			};
			name = Debug;
		};
		1AFB607121E3227800FF67A9 /* Release */ = {
			isa = XCBuildConfiguration;
			buildSettings = {
				ALWAYS_SEARCH_USER_PATHS = NO;
				CLANG_ANALYZER_NONNULL = YES;
				CLANG_ANALYZER_NUMBER_OBJECT_CONVERSION = YES_AGGRESSIVE;
				CLANG_CXX_LANGUAGE_STANDARD = "gnu++14";
				CLANG_CXX_LIBRARY = "libc++";
				CLANG_ENABLE_MODULES = YES;
				CLANG_ENABLE_OBJC_ARC = YES;
				CLANG_ENABLE_OBJC_WEAK = YES;
				CLANG_WARN_BLOCK_CAPTURE_AUTORELEASING = YES;
				CLANG_WARN_BOOL_CONVERSION = YES;
				CLANG_WARN_COMMA = YES;
				CLANG_WARN_CONSTANT_CONVERSION = YES;
				CLANG_WARN_DEPRECATED_OBJC_IMPLEMENTATIONS = YES;
				CLANG_WARN_DIRECT_OBJC_ISA_USAGE = YES_ERROR;
				CLANG_WARN_DOCUMENTATION_COMMENTS = YES;
				CLANG_WARN_EMPTY_BODY = YES;
				CLANG_WARN_ENUM_CONVERSION = YES;
				CLANG_WARN_INFINITE_RECURSION = YES;
				CLANG_WARN_INT_CONVERSION = YES;
				CLANG_WARN_NON_LITERAL_NULL_CONVERSION = YES;
				CLANG_WARN_OBJC_IMPLICIT_RETAIN_SELF = YES;
				CLANG_WARN_OBJC_LITERAL_CONVERSION = YES;
				CLANG_WARN_OBJC_ROOT_CLASS = YES_ERROR;
				CLANG_WARN_RANGE_LOOP_ANALYSIS = YES;
				CLANG_WARN_STRICT_PROTOTYPES = YES;
				CLANG_WARN_SUSPICIOUS_MOVE = YES;
				CLANG_WARN_UNGUARDED_AVAILABILITY = YES_AGGRESSIVE;
				CLANG_WARN_UNREACHABLE_CODE = YES;
				CLANG_WARN__DUPLICATE_METHOD_MATCH = YES;
				CODE_SIGN_IDENTITY = "iPhone Developer";
				COPY_PHASE_STRIP = NO;
				DEBUG_INFORMATION_FORMAT = "dwarf-with-dsym";
				ENABLE_NS_ASSERTIONS = NO;
				ENABLE_STRICT_OBJC_MSGSEND = YES;
				GCC_C_LANGUAGE_STANDARD = gnu11;
				GCC_NO_COMMON_BLOCKS = YES;
				GCC_WARN_64_TO_32_BIT_CONVERSION = YES;
				GCC_WARN_ABOUT_RETURN_TYPE = YES_ERROR;
				GCC_WARN_UNDECLARED_SELECTOR = YES;
				GCC_WARN_UNINITIALIZED_AUTOS = YES_AGGRESSIVE;
				GCC_WARN_UNUSED_FUNCTION = YES;
				GCC_WARN_UNUSED_VARIABLE = YES;
				IPHONEOS_DEPLOYMENT_TARGET = 12.0;
				MTL_ENABLE_DEBUG_INFO = NO;
				MTL_FAST_MATH = YES;
				SDKROOT = iphoneos;
				SWIFT_COMPILATION_MODE = wholemodule;
				SWIFT_OPTIMIZATION_LEVEL = "-O";
				VALIDATE_PRODUCT = YES;
			};
			name = Release;
		};
		1AFB607321E3227800FF67A9 /* Debug */ = {
			isa = XCBuildConfiguration;
			buildSettings = {
				ASSETCATALOG_COMPILER_APPICON_NAME = AppIcon;
				CODE_SIGN_ENTITLEMENTS = iWiiCube/iWiiCube.entitlements;
				CODE_SIGN_STYLE = Automatic;
				DEVELOPMENT_TEAM = ZM57TK6EDW;
				INFOPLIST_FILE = iWiiCube/Info.plist;
				LD_RUNPATH_SEARCH_PATHS = (
					"$(inherited)",
					"@executable_path/Frameworks",
				);
				PRODUCT_BUNDLE_IDENTIFIER = com.tyhostager.iWiiCube;
				PRODUCT_NAME = "$(TARGET_NAME)";
				SWIFT_VERSION = 4.2;
				TARGETED_DEVICE_FAMILY = "1,2";
			};
			name = Debug;
		};
		1AFB607421E3227800FF67A9 /* Release */ = {
			isa = XCBuildConfiguration;
			buildSettings = {
				ASSETCATALOG_COMPILER_APPICON_NAME = AppIcon;
				CODE_SIGN_ENTITLEMENTS = iWiiCube/iWiiCube.entitlements;
				CODE_SIGN_STYLE = Automatic;
				DEVELOPMENT_TEAM = ZM57TK6EDW;
				INFOPLIST_FILE = iWiiCube/Info.plist;
				LD_RUNPATH_SEARCH_PATHS = (
					"$(inherited)",
					"@executable_path/Frameworks",
				);
				PRODUCT_BUNDLE_IDENTIFIER = com.tyhostager.iWiiCube;
				PRODUCT_NAME = "$(TARGET_NAME)";
				SWIFT_VERSION = 4.2;
				TARGETED_DEVICE_FAMILY = "1,2";
			};
			name = Release;
		};
		1AFB607621E3227800FF67A9 /* Debug */ = {
			isa = XCBuildConfiguration;
			buildSettings = {
				ALWAYS_EMBED_SWIFT_STANDARD_LIBRARIES = YES;
				BUNDLE_LOADER = "$(TEST_HOST)";
				CODE_SIGN_STYLE = Automatic;
				DEVELOPMENT_TEAM = ZM57TK6EDW;
				INFOPLIST_FILE = iWiiCubeTests/Info.plist;
				LD_RUNPATH_SEARCH_PATHS = (
					"$(inherited)",
					"@executable_path/Frameworks",
					"@loader_path/Frameworks",
				);
				PRODUCT_BUNDLE_IDENTIFIER = com.tyhostager.iWiiCubeTests;
				PRODUCT_NAME = "$(TARGET_NAME)";
				SWIFT_VERSION = 4.2;
				TARGETED_DEVICE_FAMILY = "1,2";
				TEST_HOST = "$(BUILT_PRODUCTS_DIR)/iWiiCube.app/iWiiCube";
			};
			name = Debug;
		};
		1AFB607721E3227800FF67A9 /* Release */ = {
			isa = XCBuildConfiguration;
			buildSettings = {
				ALWAYS_EMBED_SWIFT_STANDARD_LIBRARIES = YES;
				BUNDLE_LOADER = "$(TEST_HOST)";
				CODE_SIGN_STYLE = Automatic;
				DEVELOPMENT_TEAM = ZM57TK6EDW;
				INFOPLIST_FILE = iWiiCubeTests/Info.plist;
				LD_RUNPATH_SEARCH_PATHS = (
					"$(inherited)",
					"@executable_path/Frameworks",
					"@loader_path/Frameworks",
				);
				PRODUCT_BUNDLE_IDENTIFIER = com.tyhostager.iWiiCubeTests;
				PRODUCT_NAME = "$(TARGET_NAME)";
				SWIFT_VERSION = 4.2;
				TARGETED_DEVICE_FAMILY = "1,2";
				TEST_HOST = "$(BUILT_PRODUCTS_DIR)/iWiiCube.app/iWiiCube";
			};
			name = Release;
		};
		1AFB607921E3227800FF67A9 /* Debug */ = {
			isa = XCBuildConfiguration;
			buildSettings = {
				ALWAYS_EMBED_SWIFT_STANDARD_LIBRARIES = YES;
				CODE_SIGN_STYLE = Automatic;
				DEVELOPMENT_TEAM = ZM57TK6EDW;
				INFOPLIST_FILE = iWiiCubeUITests/Info.plist;
				LD_RUNPATH_SEARCH_PATHS = (
					"$(inherited)",
					"@executable_path/Frameworks",
					"@loader_path/Frameworks",
				);
				PRODUCT_BUNDLE_IDENTIFIER = com.tyhostager.iWiiCubeUITests;
				PRODUCT_NAME = "$(TARGET_NAME)";
				SWIFT_VERSION = 4.2;
				TARGETED_DEVICE_FAMILY = "1,2";
				TEST_TARGET_NAME = iWiiCube;
			};
			name = Debug;
		};
		1AFB607A21E3227800FF67A9 /* Release */ = {
			isa = XCBuildConfiguration;
			buildSettings = {
				ALWAYS_EMBED_SWIFT_STANDARD_LIBRARIES = YES;
				CODE_SIGN_STYLE = Automatic;
				DEVELOPMENT_TEAM = ZM57TK6EDW;
				INFOPLIST_FILE = iWiiCubeUITests/Info.plist;
				LD_RUNPATH_SEARCH_PATHS = (
					"$(inherited)",
					"@executable_path/Frameworks",
					"@loader_path/Frameworks",
				);
				PRODUCT_BUNDLE_IDENTIFIER = com.tyhostager.iWiiCubeUITests;
				PRODUCT_NAME = "$(TARGET_NAME)";
				SWIFT_VERSION = 4.2;
				TARGETED_DEVICE_FAMILY = "1,2";
				TEST_TARGET_NAME = iWiiCube;
			};
			name = Release;
		};
/* End XCBuildConfiguration section */

/* Begin XCConfigurationList section */
		1AFB604121E3227700FF67A9 /* Build configuration list for PBXProject "iWiiCube" */ = {
			isa = XCConfigurationList;
			buildConfigurations = (
				1AFB607021E3227800FF67A9 /* Debug */,
				1AFB607121E3227800FF67A9 /* Release */,
			);
			defaultConfigurationIsVisible = 0;
			defaultConfigurationName = Release;
		};
		1AFB607221E3227800FF67A9 /* Build configuration list for PBXNativeTarget "iWiiCube" */ = {
			isa = XCConfigurationList;
			buildConfigurations = (
				1AFB607321E3227800FF67A9 /* Debug */,
				1AFB607421E3227800FF67A9 /* Release */,
			);
			defaultConfigurationIsVisible = 0;
			defaultConfigurationName = Release;
		};
		1AFB607521E3227800FF67A9 /* Build configuration list for PBXNativeTarget "iWiiCubeTests" */ = {
			isa = XCConfigurationList;
			buildConfigurations = (
				1AFB607621E3227800FF67A9 /* Debug */,
				1AFB607721E3227800FF67A9 /* Release */,
			);
			defaultConfigurationIsVisible = 0;
			defaultConfigurationName = Release;
		};
		1AFB607821E3227800FF67A9 /* Build configuration list for PBXNativeTarget "iWiiCubeUITests" */ = {
			isa = XCConfigurationList;
			buildConfigurations = (
				1AFB607921E3227800FF67A9 /* Debug */,
				1AFB607A21E3227800FF67A9 /* Release */,
			);
			defaultConfigurationIsVisible = 0;
			defaultConfigurationName = Release;
		};
/* End XCConfigurationList section */
	};
	rootObject = 1AFB603E21E3227700FF67A9 /* Project object */;
}
